{"ExistedFiles":{"app":["0Harmony.dll","AsyncImageLoader.Avalonia.dll","Avalonia.Base.dll","Avalonia.Controls.ColorPicker.dll","Avalonia.Controls.DataGrid.dll","Avalonia.Controls.dll","Avalonia.DesignerSupport.dll","Avalonia.Desktop.dll","Avalonia.Dialogs.dll","Avalonia.dll","Avalonia.FreeDesktop.dll","Avalonia.Labs.CommandManager.dll","Avalonia.Markup.dll","Avalonia.Markup.Xaml.dll","Avalonia.Markup.Xaml.Loader.dll","Avalonia.Metal.dll","Avalonia.MicroCom.dll","Avalonia.Native.dll","Avalonia.OpenGL.dll","Avalonia.Remote.Protocol.dll","Avalonia.Skia.dll","Avalonia.Svg.dll","Avalonia.Vulkan.dll","Avalonia.Win32.Automation.dll","Avalonia.Win32.dll","Avalonia.X11.dll","AvaloniaEdit.dll","av_libglesv2.dll","BouncyCastle.Cryptography.dll","ClassIsland.Platforms.Abstractions.xml","ColorDocument.Avalonia.dll","ColorHelper.dll","ColorTextBlock.Avalonia.dll","CommunityToolkit.Mvvm.dll","CsesSharp.dll","dotnetCampus.Ipc.dll","Downloader.dll","DynamicData.dll","Edge_tts_sharp.xml","ExCSS.dll","Fizzler.dll","FluentAvalonia.dll","Google.Protobuf.dll","Grpc.Core.Api.dll","Grpc.Net.Client.dll","Grpc.Net.Common.dll","GuerrillaNtp.dll","HarfBuzzSharp.dll","HtmlAgilityPack.dll","ICSharpCode.SharpZipLib.dll","IniParser.dll","libHarfBuzzSharp.dll","libMonoPosixHelper.dll","libSkiaSharp.dll","Markdown.Avalonia.dll","Markdown.Avalonia.Full.dll","Markdown.Avalonia.Html.dll","Markdown.Avalonia.Svg.dll","Markdown.Avalonia.SyntaxHigh.dll","MicroCom.Runtime.dll","Microsoft.DiaSymReader.Native.amd64.dll","Microsoft.Extensions.Configuration.Abstractions.dll","Microsoft.Extensions.Configuration.Binder.dll","Microsoft.Extensions.Configuration.CommandLine.dll","Microsoft.Extensions.Configuration.dll","Microsoft.Extensions.Configuration.EnvironmentVariables.dll","Microsoft.Extensions.Configuration.FileExtensions.dll","Microsoft.Extensions.Configuration.Json.dll","Microsoft.Extensions.Configuration.UserSecrets.dll","Microsoft.Extensions.DependencyInjection.Abstractions.dll","Microsoft.Extensions.DependencyInjection.dll","Microsoft.Extensions.Diagnostics.Abstractions.dll","Microsoft.Extensions.Diagnostics.dll","Microsoft.Extensions.FileProviders.Abstractions.dll","Microsoft.Extensions.FileProviders.Physical.dll","Microsoft.Extensions.FileSystemGlobbing.dll","Microsoft.Extensions.Hosting.Abstractions.dll","Microsoft.Extensions.Hosting.dll","Microsoft.Extensions.Http.dll","Microsoft.Extensions.Logging.Abstractions.dll","Microsoft.Extensions.Logging.Configuration.dll","Microsoft.Extensions.Logging.Console.dll","Microsoft.Extensions.Logging.Debug.dll","Microsoft.Extensions.Logging.dll","Microsoft.Extensions.Logging.EventLog.dll","Microsoft.Extensions.Logging.EventSource.dll","Microsoft.Extensions.Options.ConfigurationExtensions.dll","Microsoft.Extensions.Options.dll","Microsoft.Extensions.Primitives.dll","Microsoft.Toolkit.Uwp.Notifications.dll","Microsoft.Win32.SystemEvents.dll","Microsoft.Windows.SDK.NET.dll","miniaudio.dll","Mono.Cecil.dll","Mono.Cecil.Mdb.dll","Mono.Cecil.Pdb.dll","Mono.Cecil.Rocks.dll","Mono.Posix.NETStandard.dll","MonoMod.Backports.dll","MonoMod.Core.dll","MonoMod.Iced.dll","MonoMod.ILHelpers.dll","MonoMod.Utils.dll","MonoPosixHelper.dll","Newtonsoft.Json.dll","Octokit.dll","PanAndZoom.dll","Pastel.dll","PgpCore.dll","PhainonDistributionCenter.Shared.xml","QrCodeGenerator.dll","RawInput.Sharp.dll","ReactiveUI.dll","Sentry.dll","Sentry.Extensions.Logging.dll","ShimSkiaSharp.dll","SkiaSharp.dll","SoundFlow.dll","Splat.dll","Svg.Custom.dll","Svg.Model.dll","System.Collections.Immutable.dll","System.CommandLine.dll","System.CommandLine.Hosting.dll","System.CommandLine.NamingConventionBinder.dll","System.IO.Pipelines.dll","System.Management.dll","System.Reactive.dll","System.Reflection.Metadata.dll","System.Speech.dll","System.Text.Encodings.Web.dll","System.Text.Json.dll","TimeCrontab.dll","Tmds.DBus.Protocol.dll","vcruntime140_cor3.dll","websocket-sharp.dll","WindowsShortcutFactory.dll","WinRT.Runtime.dll","Xaml.Behaviors.dll","YamlDotNet.dll","Assets/AppIcon.icns","Assets/AppLogo.ico","Assets/AppLogo.png","Assets/AppLogo.svg","Assets/AppLogo@32w.png","Assets/AppLogo_Monochrome.png","Assets/AppIcon.icon/icon.json","Assets/AppIcon.icon/Assets/AppLogo_AppLogo.svg","Assets/AppLogo.xcassets/Contents.json","Assets/AppLogo.xcassets/AppIcon.appiconset/AppLogo 1.png","Assets/AppLogo.xcassets/AppIcon.appiconset/AppLogo 2.png","Assets/AppLogo.xcassets/AppIcon.appiconset/AppLogo 3.png","Assets/AppLogo.xcassets/AppIcon.appiconset/AppLogo 4.png","Assets/AppLogo.xcassets/AppIcon.appiconset/AppLogo.png","Assets/AppLogo.xcassets/AppIcon.appiconset/AppLogo@384w 1.png","Assets/AppLogo.xcassets/AppIcon.appiconset/AppLogo@384w.png","Assets/AppLogo.xcassets/AppIcon.appiconset/AppLogo@768w 1.png","Assets/AppLogo.xcassets/AppIcon.appiconset/AppLogo@768w 2.png","Assets/AppLogo.xcassets/AppIcon.appiconset/AppLogo@768w.png","Assets/AppLogo.xcassets/AppIcon.appiconset/AppLogo_128x128_1x.png","Assets/AppLogo.xcassets/AppIcon.appiconset/AppLogo_128x128_2x.png","Assets/AppLogo.xcassets/AppIcon.appiconset/AppLogo_16x16.png","Assets/AppLogo.xcassets/AppIcon.appiconset/AppLogo_16x16_1x.png","Assets/AppLogo.xcassets/AppIcon.appiconset/AppLogo_16x16_2x.png","Assets/AppLogo.xcassets/AppIcon.appiconset/AppLogo_256x256_1x.png","Assets/AppLogo.xcassets/AppIcon.appiconset/AppLogo_256x256_2x.png","Assets/AppLogo.xcassets/AppIcon.appiconset/AppLogo_32x32_1x.png","Assets/AppLogo.xcassets/AppIcon.appiconset/AppLogo_32x32_2x.png","Assets/AppLogo.xcassets/AppIcon.appiconset/AppLogo_512x512_1x.png","Assets/AppLogo.xcassets/AppIcon.appiconset/AppLogo_512x512_2x.png","Assets/AppLogo.xcassets/AppIcon.appiconset/Contents.json","Assets/AppLogo.xcassets/AppLogo.imageset/AppLogo 1.svg","Assets/AppLogo.xcassets/AppLogo.imageset/AppLogo 2.svg","Assets/AppLogo.xcassets/AppLogo.imageset/AppLogo.svg","Assets/AppLogo.xcassets/AppLogo.imageset/Contents.json"],"launcher":[]},"SubChannel":"windows_x64_selfContained_folder","FileMapSha512":"IIgTaAwjdyr4JLodDDNyHb5LhNCvqBNQxdSsatRdfm5nqYYwri9g6gVgJT4Nl7i3oLAIyCszVT2FpLHR5NFfLA=="}